// !$*UTF8*$!
{
	archiveVersion = 1;
	classes = {
	};
	objectVersion = 50;
	objects = {

/* Begin PBXBuildFile section */
		4A4B146C237A80A000488F53 /* PageController.swift in Sources */ = {isa = PBXBuildFile; fileRef = 4A4B1464237A80A000488F53 /* PageController.swift */; };
		4A4B146D237A80A000488F53 /* MenuBar.swift in Sources */ = {isa = PBXBuildFile; fileRef = 4A4B1466237A80A000488F53 /* MenuBar.swift */; };
		4A4B146E237A80A000488F53 /* MenuBarCell.swift in Sources */ = {isa = PBXBuildFile; fileRef = 4A4B1467237A80A000488F53 /* MenuBarCell.swift */; };
		4A4B146F237A80A000488F53 /* MenuBar+ContainerView.swift in Sources */ = {isa = PBXBuildFile; fileRef = 4A4B1468237A80A000488F53 /* MenuBar+ContainerView.swift */; };
		4A4B1470237A80A000488F53 /* PageController+ContainerView.swift in Sources */ = {isa = PBXBuildFile; fileRef = 4A4B1469237A80A000488F53 /* PageController+ContainerView.swift */; };
		4A4B1472237A80A000488F53 /* PageControllerExtensions.swift in Sources */ = {isa = PBXBuildFile; fileRef = 4A4B146B237A80A000488F53 /* PageControllerExtensions.swift */; };
		4A4B1476237A836A00488F53 /* ViewController.swift in Sources */ = {isa = PBXBuildFile; fileRef = 4A4B1475237A836A00488F53 /* ViewController.swift */; };
		4A4B1478237A83F500488F53 /* ContentViewController.swift in Sources */ = {isa = PBXBuildFile; fileRef = 4A4B1477237A83F500488F53 /* ContentViewController.swift */; };
		4A4B147D237A870D00488F53 /* CustomMenuBarCell.swift in Sources */ = {isa = PBXBuildFile; fileRef = 4A4B147B237A870D00488F53 /* CustomMenuBarCell.swift */; };
		4A4B147E237A870D00488F53 /* CustomMenuBarCell.xib in Resources */ = {isa = PBXBuildFile; fileRef = 4A4B147C237A870D00488F53 /* CustomMenuBarCell.xib */; };
		4AD1C3F7236FD54E00397AF4 /* AppDelegate.swift in Sources */ = {isa = PBXBuildFile; fileRef = 4AD1C3F6236FD54E00397AF4 /* AppDelegate.swift */; };
		4AD1C3F9236FD54E00397AF4 /* SceneDelegate.swift in Sources */ = {isa = PBXBuildFile; fileRef = 4AD1C3F8236FD54E00397AF4 /* SceneDelegate.swift */; };
		4AD1C3FD236FD55100397AF4 /* Assets.xcassets in Resources */ = {isa = PBXBuildFile; fileRef = 4AD1C3FC236FD55100397AF4 /* Assets.xcassets */; };
		4AD1C400236FD55100397AF4 /* Preview Assets.xcassets in Resources */ = {isa = PBXBuildFile; fileRef = 4AD1C3FF236FD55100397AF4 /* Preview Assets.xcassets */; };
		4AD1C403236FD55100397AF4 /* LaunchScreen.storyboard in Resources */ = {isa = PBXBuildFile; fileRef = 4AD1C401236FD55100397AF4 /* LaunchScreen.storyboard */; };
/* End PBXBuildFile section */

/* Begin PBXFileReference section */
		4A4B1464237A80A000488F53 /* PageController.swift */ = {isa = PBXFileReference; fileEncoding = 4; lastKnownFileType = sourcecode.swift; path = PageController.swift; sourceTree = "<group>"; };
		4A4B1465237A80A000488F53 /* PageController.h */ = {isa = PBXFileReference; fileEncoding = 4; lastKnownFileType = sourcecode.c.h; path = PageController.h; sourceTree = "<group>"; };
		4A4B1466237A80A000488F53 /* MenuBar.swift */ = {isa = PBXFileReference; fileEncoding = 4; lastKnownFileType = sourcecode.swift; path = MenuBar.swift; sourceTree = "<group>"; };
		4A4B1467237A80A000488F53 /* MenuBarCell.swift */ = {isa = PBXFileReference; fileEncoding = 4; lastKnownFileType = sourcecode.swift; path = MenuBarCell.swift; sourceTree = "<group>"; };
		4A4B1468237A80A000488F53 /* MenuBar+ContainerView.swift */ = {isa = PBXFileReference; fileEncoding = 4; lastKnownFileType = sourcecode.swift; path = "MenuBar+ContainerView.swift"; sourceTree = "<group>"; };
		4A4B1469237A80A000488F53 /* PageController+ContainerView.swift */ = {isa = PBXFileReference; fileEncoding = 4; lastKnownFileType = sourcecode.swift; path = "PageController+ContainerView.swift"; sourceTree = "<group>"; };
		4A4B146B237A80A000488F53 /* PageControllerExtensions.swift */ = {isa = PBXFileReference; fileEncoding = 4; lastKnownFileType = sourcecode.swift; path = PageControllerExtensions.swift; sourceTree = "<group>"; };
		4A4B1475237A836A00488F53 /* ViewController.swift */ = {isa = PBXFileReference; fileEncoding = 4; lastKnownFileType = sourcecode.swift; path = ViewController.swift; sourceTree = "<group>"; };
		4A4B1477237A83F500488F53 /* ContentViewController.swift */ = {isa = PBXFileReference; fileEncoding = 4; lastKnownFileType = sourcecode.swift; path = ContentViewController.swift; sourceTree = "<group>"; };
		4A4B147B237A870D00488F53 /* CustomMenuBarCell.swift */ = {isa = PBXFileReference; fileEncoding = 4; lastKnownFileType = sourcecode.swift; path = CustomMenuBarCell.swift; sourceTree = "<group>"; };
		4A4B147C237A870D00488F53 /* CustomMenuBarCell.xib */ = {isa = PBXFileReference; fileEncoding = 4; lastKnownFileType = file.xib; path = CustomMenuBarCell.xib; sourceTree = "<group>"; };
		4AD1C3F3236FD54E00397AF4 /* ANKHupuSwift.app */ = {isa = PBXFileReference; explicitFileType = wrapper.application; includeInIndex = 0; path = ANKHupuSwift.app; sourceTree = BUILT_PRODUCTS_DIR; };
		4AD1C3F6236FD54E00397AF4 /* AppDelegate.swift */ = {isa = PBXFileReference; lastKnownFileType = sourcecode.swift; path = AppDelegate.swift; sourceTree = "<group>"; };
		4AD1C3F8236FD54E00397AF4 /* SceneDelegate.swift */ = {isa = PBXFileReference; lastKnownFileType = sourcecode.swift; path = SceneDelegate.swift; sourceTree = "<group>"; };
		4AD1C3FC236FD55100397AF4 /* Assets.xcassets */ = {isa = PBXFileReference; lastKnownFileType = folder.assetcatalog; path = Assets.xcassets; sourceTree = "<group>"; };
		4AD1C3FF236FD55100397AF4 /* Preview Assets.xcassets */ = {isa = PBXFileReference; lastKnownFileType = folder.assetcatalog; path = "Preview Assets.xcassets"; sourceTree = "<group>"; };
		4AD1C402236FD55100397AF4 /* Base */ = {isa = PBXFileReference; lastKnownFileType = file.storyboard; name = Base; path = Base.lproj/LaunchScreen.storyboard; sourceTree = "<group>"; };
		4AD1C404236FD55100397AF4 /* Info.plist */ = {isa = PBXFileReference; lastKnownFileType = text.plist.xml; path = Info.plist; sourceTree = "<group>"; };
/* End PBXFileReference section */

/* Begin PBXFrameworksBuildPhase section */
		4AD1C3F0236FD54E00397AF4 /* Frameworks */ = {
			isa = PBXFrameworksBuildPhase;
			buildActionMask = 2147483647;
			files = (
			);
			runOnlyForDeploymentPostprocessing = 0;
		};
/* End PBXFrameworksBuildPhase section */

/* Begin PBXGroup section */
		4A4B1441237A4C3400488F53 /* Components */ = {
			isa = PBXGroup;
			children = (
				4A4B1463237A80A000488F53 /* PageController */,
			);
			path = Components;
			sourceTree = "<group>";
		};
		4A4B1463237A80A000488F53 /* PageController */ = {
			isa = PBXGroup;
			children = (
				4A4B1485237A981100488F53 /* Cell */,
				4A4B1464237A80A000488F53 /* PageController.swift */,
				4A4B1465237A80A000488F53 /* PageController.h */,
				4A4B1466237A80A000488F53 /* MenuBar.swift */,
				4A4B1467237A80A000488F53 /* MenuBarCell.swift */,
				4A4B1468237A80A000488F53 /* MenuBar+ContainerView.swift */,
				4A4B1469237A80A000488F53 /* PageController+ContainerView.swift */,
				4A4B146B237A80A000488F53 /* PageControllerExtensions.swift */,
			);
			path = PageController;
			sourceTree = "<group>";
		};
		4A4B1485237A981100488F53 /* Cell */ = {
			isa = PBXGroup;
			children = (
				4A4B147B237A870D00488F53 /* CustomMenuBarCell.swift */,
				4A4B147C237A870D00488F53 /* CustomMenuBarCell.xib */,
			);
			path = Cell;
			sourceTree = "<group>";
		};
		4AD1C3EA236FD54E00397AF4 = {
			isa = PBXGroup;
			children = (
				4AD1C3F5236FD54E00397AF4 /* ANKHupuSwift */,
				4AD1C3F4236FD54E00397AF4 /* Products */,
			);
			sourceTree = "<group>";
		};
		4AD1C3F4236FD54E00397AF4 /* Products */ = {
			isa = PBXGroup;
			children = (
				4AD1C3F3236FD54E00397AF4 /* ANKHupuSwift.app */,
			);
			name = Products;
			sourceTree = "<group>";
		};
		4AD1C3F5236FD54E00397AF4 /* ANKHupuSwift */ = {
			isa = PBXGroup;
			children = (
				4A4B1441237A4C3400488F53 /* Components */,
				4AD1C3F6236FD54E00397AF4 /* AppDelegate.swift */,
				4AD1C3F8236FD54E00397AF4 /* SceneDelegate.swift */,
				4A4B1475237A836A00488F53 /* ViewController.swift */,
				4A4B1477237A83F500488F53 /* ContentViewController.swift */,
				4AD1C3FC236FD55100397AF4 /* Assets.xcassets */,
				4AD1C401236FD55100397AF4 /* LaunchScreen.storyboard */,
				4AD1C404236FD55100397AF4 /* Info.plist */,
				4AD1C3FE236FD55100397AF4 /* Preview Content */,
			);
			path = ANKHupuSwift;
			sourceTree = "<group>";
		};
		4AD1C3FE236FD55100397AF4 /* Preview Content */ = {
			isa = PBXGroup;
			children = (
				4AD1C3FF236FD55100397AF4 /* Preview Assets.xcassets */,
			);
			path = "Preview Content";
			sourceTree = "<group>";
		};
/* End PBXGroup section */

/* Begin PBXNativeTarget section */
		4AD1C3F2236FD54E00397AF4 /* ANKHupuSwift */ = {
			isa = PBXNativeTarget;
			buildConfigurationList = 4AD1C407236FD55100397AF4 /* Build configuration list for PBXNativeTarget "ANKHupuSwift" */;
			buildPhases = (
				4AD1C3EF236FD54E00397AF4 /* Sources */,
				4AD1C3F0236FD54E00397AF4 /* Frameworks */,
				4AD1C3F1236FD54E00397AF4 /* Resources */,
			);
			buildRules = (
			);
			dependencies = (
			);
			name = ANKHupuSwift;
			productName = ANKHupuSwift;
			productReference = 4AD1C3F3236FD54E00397AF4 /* ANKHupuSwift.app */;
			productType = "com.apple.product-type.application";
		};
/* End PBXNativeTarget section */

/* Begin PBXProject section */
		4AD1C3EB236FD54E00397AF4 /* Project object */ = {
			isa = PBXProject;
			attributes = {
				LastSwiftUpdateCheck = 1120;
				LastUpgradeCheck = 1120;
				ORGANIZATIONNAME = Animenzzz;
				TargetAttributes = {
					4AD1C3F2236FD54E00397AF4 = {
						CreatedOnToolsVersion = 11.2;
					};
				};
			};
			buildConfigurationList = 4AD1C3EE236FD54E00397AF4 /* Build configuration list for PBXProject "ANKHupuSwift" */;
			compatibilityVersion = "Xcode 9.3";
			developmentRegion = en;
			hasScannedForEncodings = 0;
			knownRegions = (
				en,
				Base,
			);
			mainGroup = 4AD1C3EA236FD54E00397AF4;
			productRefGroup = 4AD1C3F4236FD54E00397AF4 /* Products */;
			projectDirPath = "";
			projectRoot = "";
			targets = (
				4AD1C3F2236FD54E00397AF4 /* ANKHupuSwift */,
			);
		};
/* End PBXProject section */

/* Begin PBXResourcesBuildPhase section */
		4AD1C3F1236FD54E00397AF4 /* Resources */ = {
			isa = PBXResourcesBuildPhase;
			buildActionMask = 2147483647;
			files = (
				4AD1C403236FD55100397AF4 /* LaunchScreen.storyboard in Resources */,
				4AD1C400236FD55100397AF4 /* Preview Assets.xcassets in Resources */,
				4AD1C3FD236FD55100397AF4 /* Assets.xcassets in Resources */,
				4A4B147E237A870D00488F53 /* CustomMenuBarCell.xib in Resources */,
			);
			runOnlyForDeploymentPostprocessing = 0;
		};
/* End PBXResourcesBuildPhase section */

/* Begin PBXSourcesBuildPhase section */
		4AD1C3EF236FD54E00397AF4 /* Sources */ = {
			isa = PBXSourcesBuildPhase;
			buildActionMask = 2147483647;
			files = (
				4A4B1478237A83F500488F53 /* ContentViewController.swift in Sources */,
				4AD1C3F7236FD54E00397AF4 /* AppDelegate.swift in Sources */,
				4A4B146E237A80A000488F53 /* MenuBarCell.swift in Sources */,
				4A4B1472237A80A000488F53 /* PageControllerExtensions.swift in Sources */,
				4A4B1476237A836A00488F53 /* ViewController.swift in Sources */,
				4AD1C3F9236FD54E00397AF4 /* SceneDelegate.swift in Sources */,
				4A4B146D237A80A000488F53 /* MenuBar.swift in Sources */,
				4A4B147D237A870D00488F53 /* CustomMenuBarCell.swift in Sources */,
				4A4B146C237A80A000488F53 /* PageController.swift in Sources */,
				4A4B1470237A80A000488F53 /* PageController+ContainerView.swift in Sources */,
				4A4B146F237A80A000488F53 /* MenuBar+ContainerView.swift in Sources */,
			);
			runOnlyForDeploymentPostprocessing = 0;
		};
/* End PBXSourcesBuildPhase section */

/* Begin PBXVariantGroup section */
		4AD1C401236FD55100397AF4 /* LaunchScreen.storyboard */ = {
			isa = PBXVariantGroup;
			children = (
				4AD1C402236FD55100397AF4 /* Base */,
			);
			name = LaunchScreen.storyboard;
			sourceTree = "<group>";
		};
/* End PBXVariantGroup section */

/* Begin XCBuildConfiguration section */
		4AD1C405236FD55100397AF4 /* Debug */ = {
			isa = XCBuildConfiguration;
			buildSettings = {
				ALWAYS_SEARCH_USER_PATHS = NO;
				CLANG_ANALYZER_NONNULL = YES;
				CLANG_ANALYZER_NUMBER_OBJECT_CONVERSION = YES_AGGRESSIVE;
				CLANG_CXX_LANGUAGE_STANDARD = "gnu++14";
				CLANG_CXX_LIBRARY = "libc++";
				CLANG_ENABLE_MODULES = YES;
				CLANG_ENABLE_OBJC_ARC = YES;
				CLANG_ENABLE_OBJC_WEAK = YES;
				CLANG_WARN_BLOCK_CAPTURE_AUTORELEASING = YES;
				CLANG_WARN_BOOL_CONVERSION = YES;
				CLANG_WARN_COMMA = YES;
				CLANG_WARN_CONSTANT_CONVERSION = YES;
				CLANG_WARN_DEPRECATED_OBJC_IMPLEMENTATIONS = YES;
				CLANG_WARN_DIRECT_OBJC_ISA_USAGE = YES_ERROR;
				CLANG_WARN_DOCUMENTATION_COMMENTS = YES;
				CLANG_WARN_EMPTY_BODY = YES;
				CLANG_WARN_ENUM_CONVERSION = YES;
				CLANG_WARN_INFINITE_RECURSION = YES;
				CLANG_WARN_INT_CONVERSION = YES;
				CLANG_WARN_NON_LITERAL_NULL_CONVERSION = YES;
				CLANG_WARN_OBJC_IMPLICIT_RETAIN_SELF = YES;
				CLANG_WARN_OBJC_LITERAL_CONVERSION = YES;
				CLANG_WARN_OBJC_ROOT_CLASS = YES_ERROR;
				CLANG_WARN_RANGE_LOOP_ANALYSIS = YES;
				CLANG_WARN_STRICT_PROTOTYPES = YES;
				CLANG_WARN_SUSPICIOUS_MOVE = YES;
				CLANG_WARN_UNGUARDED_AVAILABILITY = YES_AGGRESSIVE;
				CLANG_WARN_UNREACHABLE_CODE = YES;
				CLANG_WARN__DUPLICATE_METHOD_MATCH = YES;
				COPY_PHASE_STRIP = NO;
				DEBUG_INFORMATION_FORMAT = dwarf;
				ENABLE_STRICT_OBJC_MSGSEND = YES;
				ENABLE_TESTABILITY = YES;
				GCC_C_LANGUAGE_STANDARD = gnu11;
				GCC_DYNAMIC_NO_PIC = NO;
				GCC_NO_COMMON_BLOCKS = YES;
				GCC_OPTIMIZATION_LEVEL = 0;
				GCC_PREPROCESSOR_DEFINITIONS = (
					"DEBUG=1",
					"$(inherited)",
				);
				GCC_WARN_64_TO_32_BIT_CONVERSION = YES;
				GCC_WARN_ABOUT_RETURN_TYPE = YES_ERROR;
				GCC_WARN_UNDECLARED_SELECTOR = YES;
				GCC_WARN_UNINITIALIZED_AUTOS = YES_AGGRESSIVE;
				GCC_WARN_UNUSED_FUNCTION = YES;
				GCC_WARN_UNUSED_VARIABLE = YES;
				IPHONEOS_DEPLOYMENT_TARGET = 13.2;
				MTL_ENABLE_DEBUG_INFO = INCLUDE_SOURCE;
				MTL_FAST_MATH = YES;
				ONLY_ACTIVE_ARCH = YES;
				SDKROOT = iphoneos;
				SWIFT_ACTIVE_COMPILATION_CONDITIONS = DEBUG;
				SWIFT_OPTIMIZATION_LEVEL = "-Onone";
			};
			name = Debug;
		};
		4AD1C406236FD55100397AF4 /* Release */ = {
			isa = XCBuildConfiguration;
			buildSettings = {
				ALWAYS_SEARCH_USER_PATHS = NO;
				CLANG_ANALYZER_NONNULL = YES;
				CLANG_ANALYZER_NUMBER_OBJECT_CONVERSION = YES_AGGRESSIVE;
				CLANG_CXX_LANGUAGE_STANDARD = "gnu++14";
				CLANG_CXX_LIBRARY = "libc++";
				CLANG_ENABLE_MODULES = YES;
				CLANG_ENABLE_OBJC_ARC = YES;
				CLANG_ENABLE_OBJC_WEAK = YES;
				CLANG_WARN_BLOCK_CAPTURE_AUTORELEASING = YES;
				CLANG_WARN_BOOL_CONVERSION = YES;
				CLANG_WARN_COMMA = YES;
				CLANG_WARN_CONSTANT_CONVERSION = YES;
				CLANG_WARN_DEPRECATED_OBJC_IMPLEMENTATIONS = YES;
				CLANG_WARN_DIRECT_OBJC_ISA_USAGE = YES_ERROR;
				CLANG_WARN_DOCUMENTATION_COMMENTS = YES;
				CLANG_WARN_EMPTY_BODY = YES;
				CLANG_WARN_ENUM_CONVERSION = YES;
				CLANG_WARN_INFINITE_RECURSION = YES;
				CLANG_WARN_INT_CONVERSION = YES;
				CLANG_WARN_NON_LITERAL_NULL_CONVERSION = YES;
				CLANG_WARN_OBJC_IMPLICIT_RETAIN_SELF = YES;
				CLANG_WARN_OBJC_LITERAL_CONVERSION = YES;
				CLANG_WARN_OBJC_ROOT_CLASS = YES_ERROR;
				CLANG_WARN_RANGE_LOOP_ANALYSIS = YES;
				CLANG_WARN_STRICT_PROTOTYPES = YES;
				CLANG_WARN_SUSPICIOUS_MOVE = YES;
				CLANG_WARN_UNGUARDED_AVAILABILITY = YES_AGGRESSIVE;
				CLANG_WARN_UNREACHABLE_CODE = YES;
				CLANG_WARN__DUPLICATE_METHOD_MATCH = YES;
				COPY_PHASE_STRIP = NO;
				DEBUG_INFORMATION_FORMAT = "dwarf-with-dsym";
				ENABLE_NS_ASSERTIONS = NO;
				ENABLE_STRICT_OBJC_MSGSEND = YES;
				GCC_C_LANGUAGE_STANDARD = gnu11;
				GCC_NO_COMMON_BLOCKS = YES;
				GCC_WARN_64_TO_32_BIT_CONVERSION = YES;
				GCC_WARN_ABOUT_RETURN_TYPE = YES_ERROR;
				GCC_WARN_UNDECLARED_SELECTOR = YES;
				GCC_WARN_UNINITIALIZED_AUTOS = YES_AGGRESSIVE;
				GCC_WARN_UNUSED_FUNCTION = YES;
				GCC_WARN_UNUSED_VARIABLE = YES;
				IPHONEOS_DEPLOYMENT_TARGET = 13.2;
				MTL_ENABLE_DEBUG_INFO = NO;
				MTL_FAST_MATH = YES;
				SDKROOT = iphoneos;
				SWIFT_COMPILATION_MODE = wholemodule;
				SWIFT_OPTIMIZATION_LEVEL = "-O";
				VALIDATE_PRODUCT = YES;
			};
			name = Release;
		};
		4AD1C408236FD55100397AF4 /* Debug */ = {
			isa = XCBuildConfiguration;
			buildSettings = {
				ASSETCATALOG_COMPILER_APPICON_NAME = AppIcon;
				CODE_SIGN_STYLE = Automatic;
				DEVELOPMENT_ASSET_PATHS = "\"ANKHupuSwift/Preview Content\"";
				DEVELOPMENT_TEAM = KS98J4RYQ2;
				ENABLE_PREVIEWS = YES;
				INFOPLIST_FILE = ANKHupuSwift/Info.plist;
				IPHONEOS_DEPLOYMENT_TARGET = 13.0;
				LD_RUNPATH_SEARCH_PATHS = (
					"$(inherited)",
					"@executable_path/Frameworks",
				);
				PRODUCT_BUNDLE_IDENTIFIER = Animenzzz.ANKHupuSwift;
				PRODUCT_NAME = "$(TARGET_NAME)";
				SWIFT_ENFORCE_EXCLUSIVE_ACCESS = on;
				SWIFT_VERSION = 5.0;
				TARGETED_DEVICE_FAMILY = "1,2";
			};
			name = Debug;
		};
		4AD1C409236FD55100397AF4 /* Release */ = {
			isa = XCBuildConfiguration;
			buildSettings = {
				ASSETCATALOG_COMPILER_APPICON_NAME = AppIcon;
				CODE_SIGN_STYLE = Automatic;
				DEVELOPMENT_ASSET_PATHS = "\"ANKHupuSwift/Preview Content\"";
				DEVELOPMENT_TEAM = KS98J4RYQ2;
				ENABLE_PREVIEWS = YES;
				INFOPLIST_FILE = ANKHupuSwift/Info.plist;
				IPHONEOS_DEPLOYMENT_TARGET = 13.0;
				LD_RUNPATH_SEARCH_PATHS = (
					"$(inherited)",
					"@executable_path/Frameworks",
				);
				PRODUCT_BUNDLE_IDENTIFIER = Animenzzz.ANKHupuSwift;
				PRODUCT_NAME = "$(TARGET_NAME)";
				SWIFT_ENFORCE_EXCLUSIVE_ACCESS = on;
				SWIFT_VERSION = 5.0;
				TARGETED_DEVICE_FAMILY = "1,2";
			};
			name = Release;
		};
/* End XCBuildConfiguration section */

/* Begin XCConfigurationList section */
		4AD1C3EE236FD54E00397AF4 /* Build configuration list for PBXProject "ANKHupuSwift" */ = {
			isa = XCConfigurationList;
			buildConfigurations = (
				4AD1C405236FD55100397AF4 /* Debug */,
				4AD1C406236FD55100397AF4 /* Release */,
			);
			defaultConfigurationIsVisible = 0;
			defaultConfigurationName = Release;
		};
		4AD1C407236FD55100397AF4 /* Build configuration list for PBXNativeTarget "ANKHupuSwift" */ = {
			isa = XCConfigurationList;
			buildConfigurations = (
				4AD1C408236FD55100397AF4 /* Debug */,
				4AD1C409236FD55100397AF4 /* Release */,
			);
			defaultConfigurationIsVisible = 0;
			defaultConfigurationName = Release;
		};
/* End XCConfigurationList section */
	};
	rootObject = 4AD1C3EB236FD54E00397AF4 /* Project object */;
}
